
Microsoft Visual Studio Solution File, Format Version 12.00
# Visual Studio Version 17
VisualStudioVersion = 17.10.35027.167
MinimumVisualStudioVersion = 10.0.40219.1
Project("{8BC9CEB8-8B4A-11D0-8D11-00A0C91BC942}") = "10. BlendWaves", "10. BlendWaves\10. BlendWaves.vcxproj", "{A69CAE3B-4321-4B9B-9FF8-EDD442A9DBD1}"
EndProject
Global
	GlobalSection(SolutionConfigurationPlatforms) = preSolution
		Debug|x64 = Debug|x64
		Debug|x86 = Debug|x86
		Release|x64 = Release|x64
		Release|x86 = Release|x86
	EndGlobalSection
	GlobalSection(ProjectConfigurationPlatforms) = postSolution
		{A69CAE3B-4321-4B9B-9FF8-EDD442A9DBD1}.Debug|x64.ActiveCfg = Debug|x64
		{A69CAE3B-4321-4B9B-9FF8-EDD442A9DBD1}.Debug|x64.Build.0 = Debug|x64
		{A69CAE3B-4321-4B9B-9FF8-EDD442A9DBD1}.Debug|x86.ActiveCfg = Debug|Win32
		{A69CAE3B-4321-4B9B-9FF8-EDD442A9DBD1}.Debug|x86.Build.0 = Debug|Win32
		{A69CAE3B-4321-4B9B-9FF8-EDD442A9DBD1}.Release|x64.ActiveCfg = Release|x64
		{A69CAE3B-4321-4B9B-9FF8-EDD442A9DBD1}.Release|x64.Build.0 = Release|x64
		{A69CAE3B-4321-4B9B-9FF8-EDD442A9DBD1}.Release|x86.ActiveCfg = Release|Win32
		{A69CAE3B-4321-4B9B-9FF8-EDD442A9DBD1}.Release|x86.Build.0 = Release|Win32
	EndGlobalSection
	GlobalSection(SolutionProperties) = preSolution
		HideSolutionNode = FALSE
	EndGlobalSection
	GlobalSection(ExtensibilityGlobals) = postSolution
		SolutionGuid = {1CF7B21C-1209-416C-A8F3-9B1049F32C7E}
	EndGlobalSection
EndGlobal
