
Microsoft Visual Studio Solution File, Format Version 12.00
# Visual Studio Version 17
VisualStudioVersion = 17.10.35027.167
MinimumVisualStudioVersion = 10.0.40219.1
Project("{8BC9CEB8-8B4A-11D0-8D11-00A0C91BC942}") = "1. Vector", "1. Vector\1. Vector.vcxproj", "{E63D2A49-1C74-48E1-88AF-A81D181F9F8C}"
EndProject
Project("{8BC9CEB8-8B4A-11D0-8D11-00A0C91BC942}") = "2. Matrix", "2. Matrix\2. Matrix.vcxproj", "{8B253CFE-FF4E-47FF-9B2E-02887264CCCA}"
EndProject
Project("{8BC9CEB8-8B4A-11D0-8D11-00A0C91BC942}") = "4. InitDirectX12", "4. InitDirectX12\4. InitDirectX12.vcxproj", "{EFEC237D-E942-4773-A926-AE3C40CCA346}"
	ProjectSection(ProjectDependencies) = postProject
		{3D1F177F-7176-4335-8484-1018AF0697A1} = {3D1F177F-7176-4335-8484-1018AF0697A1}
	EndProjectSection
EndProject
Project("{8BC9CEB8-8B4A-11D0-8D11-00A0C91BC942}") = "6. Box", "6. Box\6. Box.vcxproj", "{A507D7E1-41F0-425B-A9DE-6443E01334B5}"
	ProjectSection(ProjectDependencies) = postProject
		{3D1F177F-7176-4335-8484-1018AF0697A1} = {3D1F177F-7176-4335-8484-1018AF0697A1}
	EndProjectSection
EndProject
Project("{8BC9CEB8-8B4A-11D0-8D11-00A0C91BC942}") = "7. Shapes", "7. Shapes\7. Shapes.vcxproj", "{792A9AA2-5BF4-412F-8B7A-304B981314AB}"
	ProjectSection(ProjectDependencies) = postProject
		{3D1F177F-7176-4335-8484-1018AF0697A1} = {3D1F177F-7176-4335-8484-1018AF0697A1}
	EndProjectSection
EndProject
Project("{8BC9CEB8-8B4A-11D0-8D11-00A0C91BC942}") = "8. LitShapes", "8. LitShapes\8. LitShapes.vcxproj", "{17371720-2A7B-4CD3-8EE7-B7A83CEBC735}"
	ProjectSection(ProjectDependencies) = postProject
		{3D1F177F-7176-4335-8484-1018AF0697A1} = {3D1F177F-7176-4335-8484-1018AF0697A1}
	EndProjectSection
EndProject
Project("{8BC9CEB8-8B4A-11D0-8D11-00A0C91BC942}") = "Common", "Common\Common.vcxproj", "{3D1F177F-7176-4335-8484-1018AF0697A1}"
EndProject
Project("{8BC9CEB8-8B4A-11D0-8D11-00A0C91BC942}") = "9. TexBox", "9. TexBox\9. TexBox.vcxproj", "{3223FBCF-8578-424D-9C9D-1D2EE5259C90}"
EndProject
Project("{8BC9CEB8-8B4A-11D0-8D11-00A0C91BC942}") = "10. BlendWaves", "10. BlendWaves\10. BlendWaves.vcxproj", "{5CEF61C3-C332-4715-83F6-B82C68927364}"
EndProject
Project("{8BC9CEB8-8B4A-11D0-8D11-00A0C91BC942}") = "11. StencilDemo", "11. StencilDemo\11. StencilDemo.vcxproj", "{75EE2E11-4D2D-4AF3-A023-DE0C533217E6}"
EndProject
Project("{8BC9CEB8-8B4A-11D0-8D11-00A0C91BC942}") = "12. Icosahedron", "12. Icosahedron\12. Icosahedron.vcxproj", "{F77C4BB2-F8B6-4227-A753-E8724C6BA2F0}"
EndProject
Project("{8BC9CEB8-8B4A-11D0-8D11-00A0C91BC942}") = "12. TreeBillboards", "12. TreeBillboards\12. TreeBillboards.vcxproj", "{A1C3A2E6-0E26-41C8-8BC8-9D03B4633F9A}"
EndProject
Project("{8BC9CEB8-8B4A-11D0-8D11-00A0C91BC942}") = "13. Blur", "13. Blur\13. Blur.vcxproj", "{B75905A2-199E-4F01-A018-2B3A72BA2F2B}"
EndProject
Project("{8BC9CEB8-8B4A-11D0-8D11-00A0C91BC942}") = "13. Sobel", "13. Sobel\13. Sobel.vcxproj", "{C0E6AD1B-AC57-463F-AFBC-4967D673D03C}"
EndProject
Project("{8BC9CEB8-8B4A-11D0-8D11-00A0C91BC942}") = "13. VectorLength", "13. VectorLength\13. VectorLength.vcxproj", "{613EB466-CEDE-4695-9C0A-12D509AB6FE1}"
EndProject
Project("{8BC9CEB8-8B4A-11D0-8D11-00A0C91BC942}") = "14. Bezier", "14. Bezier\14. Bezier.vcxproj", "{B44ABBC8-6203-43CF-BF5C-90C0ADA57A5D}"
EndProject
Project("{8BC9CEB8-8B4A-11D0-8D11-00A0C91BC942}") = "14. Icosahedron", "14. Icosahedron\14. Icosahedron.vcxproj", "{CBC3B035-EAA6-43EA-8EA6-DFBCCC4DA646}"
EndProject
Project("{8BC9CEB8-8B4A-11D0-8D11-00A0C91BC942}") = "14. Tessellation", "14. Tessellation\14. Tessellation.vcxproj", "{C11D71BC-54CE-4DD4-8551-D494014BC3E3}"
EndProject
Global
	GlobalSection(SolutionConfigurationPlatforms) = preSolution
		Debug|x64 = Debug|x64
		Debug|x86 = Debug|x86
		Release|x64 = Release|x64
		Release|x86 = Release|x86
	EndGlobalSection
	GlobalSection(ProjectConfigurationPlatforms) = postSolution
		{E63D2A49-1C74-48E1-88AF-A81D181F9F8C}.Debug|x64.ActiveCfg = Debug|x64
		{E63D2A49-1C74-48E1-88AF-A81D181F9F8C}.Debug|x64.Build.0 = Debug|x64
		{E63D2A49-1C74-48E1-88AF-A81D181F9F8C}.Debug|x86.ActiveCfg = Debug|Win32
		{E63D2A49-1C74-48E1-88AF-A81D181F9F8C}.Debug|x86.Build.0 = Debug|Win32
		{E63D2A49-1C74-48E1-88AF-A81D181F9F8C}.Release|x64.ActiveCfg = Release|x64
		{E63D2A49-1C74-48E1-88AF-A81D181F9F8C}.Release|x64.Build.0 = Release|x64
		{E63D2A49-1C74-48E1-88AF-A81D181F9F8C}.Release|x86.ActiveCfg = Release|Win32
		{E63D2A49-1C74-48E1-88AF-A81D181F9F8C}.Release|x86.Build.0 = Release|Win32
		{8B253CFE-FF4E-47FF-9B2E-02887264CCCA}.Debug|x64.ActiveCfg = Debug|x64
		{8B253CFE-FF4E-47FF-9B2E-02887264CCCA}.Debug|x64.Build.0 = Debug|x64
		{8B253CFE-FF4E-47FF-9B2E-02887264CCCA}.Debug|x86.ActiveCfg = Debug|Win32
		{8B253CFE-FF4E-47FF-9B2E-02887264CCCA}.Debug|x86.Build.0 = Debug|Win32
		{8B253CFE-FF4E-47FF-9B2E-02887264CCCA}.Release|x64.ActiveCfg = Release|x64
		{8B253CFE-FF4E-47FF-9B2E-02887264CCCA}.Release|x64.Build.0 = Release|x64
		{8B253CFE-FF4E-47FF-9B2E-02887264CCCA}.Release|x86.ActiveCfg = Release|Win32
		{8B253CFE-FF4E-47FF-9B2E-02887264CCCA}.Release|x86.Build.0 = Release|Win32
		{EFEC237D-E942-4773-A926-AE3C40CCA346}.Debug|x64.ActiveCfg = Debug|x64
		{EFEC237D-E942-4773-A926-AE3C40CCA346}.Debug|x64.Build.0 = Debug|x64
		{EFEC237D-E942-4773-A926-AE3C40CCA346}.Debug|x86.ActiveCfg = Debug|Win32
		{EFEC237D-E942-4773-A926-AE3C40CCA346}.Debug|x86.Build.0 = Debug|Win32
		{EFEC237D-E942-4773-A926-AE3C40CCA346}.Release|x64.ActiveCfg = Release|x64
		{EFEC237D-E942-4773-A926-AE3C40CCA346}.Release|x64.Build.0 = Release|x64
		{EFEC237D-E942-4773-A926-AE3C40CCA346}.Release|x86.ActiveCfg = Release|Win32
		{EFEC237D-E942-4773-A926-AE3C40CCA346}.Release|x86.Build.0 = Release|Win32
		{A507D7E1-41F0-425B-A9DE-6443E01334B5}.Debug|x64.ActiveCfg = Debug|x64
		{A507D7E1-41F0-425B-A9DE-6443E01334B5}.Debug|x64.Build.0 = Debug|x64
		{A507D7E1-41F0-425B-A9DE-6443E01334B5}.Debug|x86.ActiveCfg = Debug|Win32
		{A507D7E1-41F0-425B-A9DE-6443E01334B5}.Debug|x86.Build.0 = Debug|Win32
		{A507D7E1-41F0-425B-A9DE-6443E01334B5}.Release|x64.ActiveCfg = Release|x64
		{A507D7E1-41F0-425B-A9DE-6443E01334B5}.Release|x64.Build.0 = Release|x64
		{A507D7E1-41F0-425B-A9DE-6443E01334B5}.Release|x86.ActiveCfg = Release|Win32
		{A507D7E1-41F0-425B-A9DE-6443E01334B5}.Release|x86.Build.0 = Release|Win32
		{792A9AA2-5BF4-412F-8B7A-304B981314AB}.Debug|x64.ActiveCfg = Debug|x64
		{792A9AA2-5BF4-412F-8B7A-304B981314AB}.Debug|x64.Build.0 = Debug|x64
		{792A9AA2-5BF4-412F-8B7A-304B981314AB}.Debug|x86.ActiveCfg = Debug|Win32
		{792A9AA2-5BF4-412F-8B7A-304B981314AB}.Debug|x86.Build.0 = Debug|Win32
		{792A9AA2-5BF4-412F-8B7A-304B981314AB}.Release|x64.ActiveCfg = Release|x64
		{792A9AA2-5BF4-412F-8B7A-304B981314AB}.Release|x64.Build.0 = Release|x64
		{792A9AA2-5BF4-412F-8B7A-304B981314AB}.Release|x86.ActiveCfg = Release|Win32
		{792A9AA2-5BF4-412F-8B7A-304B981314AB}.Release|x86.Build.0 = Release|Win32
		{17371720-2A7B-4CD3-8EE7-B7A83CEBC735}.Debug|x64.ActiveCfg = Debug|x64
		{17371720-2A7B-4CD3-8EE7-B7A83CEBC735}.Debug|x64.Build.0 = Debug|x64
		{17371720-2A7B-4CD3-8EE7-B7A83CEBC735}.Debug|x86.ActiveCfg = Debug|Win32
		{17371720-2A7B-4CD3-8EE7-B7A83CEBC735}.Debug|x86.Build.0 = Debug|Win32
		{17371720-2A7B-4CD3-8EE7-B7A83CEBC735}.Release|x64.ActiveCfg = Release|x64
		{17371720-2A7B-4CD3-8EE7-B7A83CEBC735}.Release|x64.Build.0 = Release|x64
		{17371720-2A7B-4CD3-8EE7-B7A83CEBC735}.Release|x86.ActiveCfg = Release|Win32
		{17371720-2A7B-4CD3-8EE7-B7A83CEBC735}.Release|x86.Build.0 = Release|Win32
		{3D1F177F-7176-4335-8484-1018AF0697A1}.Debug|x64.ActiveCfg = Debug|x64
		{3D1F177F-7176-4335-8484-1018AF0697A1}.Debug|x64.Build.0 = Debug|x64
		{3D1F177F-7176-4335-8484-1018AF0697A1}.Debug|x86.ActiveCfg = Debug|Win32
		{3D1F177F-7176-4335-8484-1018AF0697A1}.Debug|x86.Build.0 = Debug|Win32
		{3D1F177F-7176-4335-8484-1018AF0697A1}.Release|x64.ActiveCfg = Release|x64
		{3D1F177F-7176-4335-8484-1018AF0697A1}.Release|x64.Build.0 = Release|x64
		{3D1F177F-7176-4335-8484-1018AF0697A1}.Release|x86.ActiveCfg = Release|Win32
		{3D1F177F-7176-4335-8484-1018AF0697A1}.Release|x86.Build.0 = Release|Win32
		{3223FBCF-8578-424D-9C9D-1D2EE5259C90}.Debug|x64.ActiveCfg = Debug|x64
		{3223FBCF-8578-424D-9C9D-1D2EE5259C90}.Debug|x64.Build.0 = Debug|x64
		{3223FBCF-8578-424D-9C9D-1D2EE5259C90}.Debug|x86.ActiveCfg = Debug|Win32
		{3223FBCF-8578-424D-9C9D-1D2EE5259C90}.Debug|x86.Build.0 = Debug|Win32
		{3223FBCF-8578-424D-9C9D-1D2EE5259C90}.Release|x64.ActiveCfg = Release|x64
		{3223FBCF-8578-424D-9C9D-1D2EE5259C90}.Release|x64.Build.0 = Release|x64
		{3223FBCF-8578-424D-9C9D-1D2EE5259C90}.Release|x86.ActiveCfg = Release|Win32
		{3223FBCF-8578-424D-9C9D-1D2EE5259C90}.Release|x86.Build.0 = Release|Win32
		{5CEF61C3-C332-4715-83F6-B82C68927364}.Debug|x64.ActiveCfg = Debug|x64
		{5CEF61C3-C332-4715-83F6-B82C68927364}.Debug|x64.Build.0 = Debug|x64
		{5CEF61C3-C332-4715-83F6-B82C68927364}.Debug|x86.ActiveCfg = Debug|Win32
		{5CEF61C3-C332-4715-83F6-B82C68927364}.Debug|x86.Build.0 = Debug|Win32
		{5CEF61C3-C332-4715-83F6-B82C68927364}.Release|x64.ActiveCfg = Release|x64
		{5CEF61C3-C332-4715-83F6-B82C68927364}.Release|x64.Build.0 = Release|x64
		{5CEF61C3-C332-4715-83F6-B82C68927364}.Release|x86.ActiveCfg = Release|Win32
		{5CEF61C3-C332-4715-83F6-B82C68927364}.Release|x86.Build.0 = Release|Win32
		{75EE2E11-4D2D-4AF3-A023-DE0C533217E6}.Debug|x64.ActiveCfg = Debug|x64
		{75EE2E11-4D2D-4AF3-A023-DE0C533217E6}.Debug|x64.Build.0 = Debug|x64
		{75EE2E11-4D2D-4AF3-A023-DE0C533217E6}.Debug|x86.ActiveCfg = Debug|Win32
		{75EE2E11-4D2D-4AF3-A023-DE0C533217E6}.Debug|x86.Build.0 = Debug|Win32
		{75EE2E11-4D2D-4AF3-A023-DE0C533217E6}.Release|x64.ActiveCfg = Release|x64
		{75EE2E11-4D2D-4AF3-A023-DE0C533217E6}.Release|x64.Build.0 = Release|x64
		{75EE2E11-4D2D-4AF3-A023-DE0C533217E6}.Release|x86.ActiveCfg = Release|Win32
		{75EE2E11-4D2D-4AF3-A023-DE0C533217E6}.Release|x86.Build.0 = Release|Win32
		{F77C4BB2-F8B6-4227-A753-E8724C6BA2F0}.Debug|x64.ActiveCfg = Debug|x64
		{F77C4BB2-F8B6-4227-A753-E8724C6BA2F0}.Debug|x64.Build.0 = Debug|x64
		{F77C4BB2-F8B6-4227-A753-E8724C6BA2F0}.Debug|x86.ActiveCfg = Debug|Win32
		{F77C4BB2-F8B6-4227-A753-E8724C6BA2F0}.Debug|x86.Build.0 = Debug|Win32
		{F77C4BB2-F8B6-4227-A753-E8724C6BA2F0}.Release|x64.ActiveCfg = Release|x64
		{F77C4BB2-F8B6-4227-A753-E8724C6BA2F0}.Release|x64.Build.0 = Release|x64
		{F77C4BB2-F8B6-4227-A753-E8724C6BA2F0}.Release|x86.ActiveCfg = Release|Win32
		{F77C4BB2-F8B6-4227-A753-E8724C6BA2F0}.Release|x86.Build.0 = Release|Win32
		{A1C3A2E6-0E26-41C8-8BC8-9D03B4633F9A}.Debug|x64.ActiveCfg = Debug|x64
		{A1C3A2E6-0E26-41C8-8BC8-9D03B4633F9A}.Debug|x64.Build.0 = Debug|x64
		{A1C3A2E6-0E26-41C8-8BC8-9D03B4633F9A}.Debug|x86.ActiveCfg = Debug|Win32
		{A1C3A2E6-0E26-41C8-8BC8-9D03B4633F9A}.Debug|x86.Build.0 = Debug|Win32
		{A1C3A2E6-0E26-41C8-8BC8-9D03B4633F9A}.Release|x64.ActiveCfg = Release|x64
		{A1C3A2E6-0E26-41C8-8BC8-9D03B4633F9A}.Release|x64.Build.0 = Release|x64
		{A1C3A2E6-0E26-41C8-8BC8-9D03B4633F9A}.Release|x86.ActiveCfg = Release|Win32
		{A1C3A2E6-0E26-41C8-8BC8-9D03B4633F9A}.Release|x86.Build.0 = Release|Win32
		{B75905A2-199E-4F01-A018-2B3A72BA2F2B}.Debug|x64.ActiveCfg = Debug|x64
		{B75905A2-199E-4F01-A018-2B3A72BA2F2B}.Debug|x64.Build.0 = Debug|x64
		{B75905A2-199E-4F01-A018-2B3A72BA2F2B}.Debug|x86.ActiveCfg = Debug|Win32
		{B75905A2-199E-4F01-A018-2B3A72BA2F2B}.Debug|x86.Build.0 = Debug|Win32
		{B75905A2-199E-4F01-A018-2B3A72BA2F2B}.Release|x64.ActiveCfg = Release|x64
		{B75905A2-199E-4F01-A018-2B3A72BA2F2B}.Release|x64.Build.0 = Release|x64
		{B75905A2-199E-4F01-A018-2B3A72BA2F2B}.Release|x86.ActiveCfg = Release|Win32
		{B75905A2-199E-4F01-A018-2B3A72BA2F2B}.Release|x86.Build.0 = Release|Win32
		{C0E6AD1B-AC57-463F-AFBC-4967D673D03C}.Debug|x64.ActiveCfg = Debug|x64
		{C0E6AD1B-AC57-463F-AFBC-4967D673D03C}.Debug|x64.Build.0 = Debug|x64
		{C0E6AD1B-AC57-463F-AFBC-4967D673D03C}.Debug|x86.ActiveCfg = Debug|Win32
		{C0E6AD1B-AC57-463F-AFBC-4967D673D03C}.Debug|x86.Build.0 = Debug|Win32
		{C0E6AD1B-AC57-463F-AFBC-4967D673D03C}.Release|x64.ActiveCfg = Release|x64
		{C0E6AD1B-AC57-463F-AFBC-4967D673D03C}.Release|x64.Build.0 = Release|x64
		{C0E6AD1B-AC57-463F-AFBC-4967D673D03C}.Release|x86.ActiveCfg = Release|Win32
		{C0E6AD1B-AC57-463F-AFBC-4967D673D03C}.Release|x86.Build.0 = Release|Win32
		{613EB466-CEDE-4695-9C0A-12D509AB6FE1}.Debug|x64.ActiveCfg = Debug|x64
		{613EB466-CEDE-4695-9C0A-12D509AB6FE1}.Debug|x64.Build.0 = Debug|x64
		{613EB466-CEDE-4695-9C0A-12D509AB6FE1}.Debug|x86.ActiveCfg = Debug|Win32
		{613EB466-CEDE-4695-9C0A-12D509AB6FE1}.Debug|x86.Build.0 = Debug|Win32
		{613EB466-CEDE-4695-9C0A-12D509AB6FE1}.Release|x64.ActiveCfg = Release|x64
		{613EB466-CEDE-4695-9C0A-12D509AB6FE1}.Release|x64.Build.0 = Release|x64
		{613EB466-CEDE-4695-9C0A-12D509AB6FE1}.Release|x86.ActiveCfg = Release|Win32
		{613EB466-CEDE-4695-9C0A-12D509AB6FE1}.Release|x86.Build.0 = Release|Win32
		{B44ABBC8-6203-43CF-BF5C-90C0ADA57A5D}.Debug|x64.ActiveCfg = Debug|x64
		{B44ABBC8-6203-43CF-BF5C-90C0ADA57A5D}.Debug|x64.Build.0 = Debug|x64
		{B44ABBC8-6203-43CF-BF5C-90C0ADA57A5D}.Debug|x86.ActiveCfg = Debug|Win32
		{B44ABBC8-6203-43CF-BF5C-90C0ADA57A5D}.Debug|x86.Build.0 = Debug|Win32
		{B44ABBC8-6203-43CF-BF5C-90C0ADA57A5D}.Release|x64.ActiveCfg = Release|x64
		{B44ABBC8-6203-43CF-BF5C-90C0ADA57A5D}.Release|x64.Build.0 = Release|x64
		{B44ABBC8-6203-43CF-BF5C-90C0ADA57A5D}.Release|x86.ActiveCfg = Release|Win32
		{B44ABBC8-6203-43CF-BF5C-90C0ADA57A5D}.Release|x86.Build.0 = Release|Win32
		{CBC3B035-EAA6-43EA-8EA6-DFBCCC4DA646}.Debug|x64.ActiveCfg = Debug|x64
		{CBC3B035-EAA6-43EA-8EA6-DFBCCC4DA646}.Debug|x64.Build.0 = Debug|x64
		{CBC3B035-EAA6-43EA-8EA6-DFBCCC4DA646}.Debug|x86.ActiveCfg = Debug|Win32
		{CBC3B035-EAA6-43EA-8EA6-DFBCCC4DA646}.Debug|x86.Build.0 = Debug|Win32
		{CBC3B035-EAA6-43EA-8EA6-DFBCCC4DA646}.Release|x64.ActiveCfg = Release|x64
		{CBC3B035-EAA6-43EA-8EA6-DFBCCC4DA646}.Release|x64.Build.0 = Release|x64
		{CBC3B035-EAA6-43EA-8EA6-DFBCCC4DA646}.Release|x86.ActiveCfg = Release|Win32
		{CBC3B035-EAA6-43EA-8EA6-DFBCCC4DA646}.Release|x86.Build.0 = Release|Win32
		{C11D71BC-54CE-4DD4-8551-D494014BC3E3}.Debug|x64.ActiveCfg = Debug|x64
		{C11D71BC-54CE-4DD4-8551-D494014BC3E3}.Debug|x64.Build.0 = Debug|x64
		{C11D71BC-54CE-4DD4-8551-D494014BC3E3}.Debug|x86.ActiveCfg = Debug|Win32
		{C11D71BC-54CE-4DD4-8551-D494014BC3E3}.Debug|x86.Build.0 = Debug|Win32
		{C11D71BC-54CE-4DD4-8551-D494014BC3E3}.Release|x64.ActiveCfg = Release|x64
		{C11D71BC-54CE-4DD4-8551-D494014BC3E3}.Release|x64.Build.0 = Release|x64
		{C11D71BC-54CE-4DD4-8551-D494014BC3E3}.Release|x86.ActiveCfg = Release|Win32
		{C11D71BC-54CE-4DD4-8551-D494014BC3E3}.Release|x86.Build.0 = Release|Win32
	EndGlobalSection
	GlobalSection(SolutionProperties) = preSolution
		HideSolutionNode = FALSE
	EndGlobalSection
	GlobalSection(ExtensibilityGlobals) = postSolution
		SolutionGuid = {F9E43E4B-3F70-42BF-962C-B629F2ED8A56}
	EndGlobalSection
EndGlobal
